<?xml version="1.0" encoding="utf-8"?>
<Project ToolsVersion="4.0" xmlns="http://schemas.microsoft.com/developer/msbuild/2003">
  <ItemGroup>
    <ClCompile Include="poolmanager.cpp" />
    <ClCompile Include="Dependencies\patterns\Hooking.Patterns.cpp">
      <Filter>Dependencies\patterns</Filter>
    </ClCompile>
    <ClCompile Include="Hooking.cpp" />
  </ItemGroup>
  <ItemGroup>
    <ClInclude Include="include\atPool.h">
      <Filter>Include</Filter>
    </ClInclude>
    <ClInclude Include="include\Utils.h">
      <Filter>Include</Filter>
    </ClInclude>
    <ClInclude Include="include\Hooking.h">
      <Filter>Include</Filter>
    </ClInclude>
    <ClInclude Include="Dependencies\patterns\Hooking.Patterns.h">
      <Filter>Dependencies\patterns</Filter>
    </ClInclude>
    <ClInclude Include="include\jitasm.h">
      <Filter>Include</Filter>
    </ClInclude>
    <ClInclude Include="include\RDR3VtableList.h" />
    <ClInclude Include="Dependencies\minhook\include\MinHook.h">
      <Filter>Dependencies</Filter>
    </ClInclude>
  </ItemGroup>
  <ItemGroup>
    <Filter Include="Include">
      <UniqueIdentifier>{fd7360d8-89bc-46a6-951c-25b8eb197f0a}</UniqueIdentifier>
    </Filter>
    <Filter Include="Dependencies">
      <UniqueIdentifier>{d72e835f-f483-4051-9b63-dc51ecab1b5c}</UniqueIdentifier>
    </Filter>
    <Filter Include="Dependencies\patterns">
      <UniqueIdentifier>{267ab640-5f3e-4ea1-ac09-0a1b4ed70ed3}</UniqueIdentifier>
    </Filter>
  </ItemGroup>
  <ItemGroup>
    <None Include="PoolManager.toml" />
  </ItemGroup>
</Project>